// !$*UTF8*$!
{
	archiveVersion = 1;
	classes = {
	};
	objectVersion = 56;
	objects = {

/* Begin PBXBuildFile section */
		D82FC1172C21D1E500404164 /* Signal.json in Resources */ = {isa = PBXBuildFile; fileRef = D82FC1162C21D1E500404164 /* Signal.json */; };
		D82FC1192C21D20300404164 /* LottieView.swift in Sources */ = {isa = PBXBuildFile; fileRef = D82FC1182C21D20300404164 /* LottieView.swift */; };
		D82FC11C2C21D22D00404164 /* Lottie in Frameworks */ = {isa = PBXBuildFile; productRef = D82FC11B2C21D22D00404164 /* Lottie */; };
		D83793D52C2159D600AF16C1 /* OnAirApp.swift in Sources */ = {isa = PBXBuildFile; fileRef = D83793D42C2159D600AF16C1 /* OnAirApp.swift */; };
		D83793D72C2159D600AF16C1 /* ContentView.swift in Sources */ = {isa = PBXBuildFile; fileRef = D83793D62C2159D600AF16C1 /* ContentView.swift */; };
		D83793D92C2159D700AF16C1 /* Assets.xcassets in Resources */ = {isa = PBXBuildFile; fileRef = D83793D82C2159D700AF16C1 /* Assets.xcassets */; };
		D83793DC2C2159D700AF16C1 /* Preview Assets.xcassets in Resources */ = {isa = PBXBuildFile; fileRef = D83793DB2C2159D700AF16C1 /* Preview Assets.xcassets */; };
		D83793E32C215A7C00AF16C1 /* Playback.swift in Sources */ = {isa = PBXBuildFile; fileRef = D83793E22C215A7C00AF16C1 /* Playback.swift */; };
		D83793E52C215B3D00AF16C1 /* Authorization.swift in Sources */ = {isa = PBXBuildFile; fileRef = D83793E42C215B3D00AF16C1 /* Authorization.swift */; };
/* End PBXBuildFile section */

/* Begin PBXFileReference section */
		D82FC1162C21D1E500404164 /* Signal.json */ = {isa = PBXFileReference; fileEncoding = 4; lastKnownFileType = text.json; name = Signal.json; path = ../../../Signal.json; sourceTree = "<group>"; };
		D82FC1182C21D20300404164 /* LottieView.swift */ = {isa = PBXFileReference; lastKnownFileType = sourcecode.swift; path = LottieView.swift; sourceTree = "<group>"; };
		D83793D12C2159D600AF16C1 /* OnAir.app */ = {isa = PBXFileReference; explicitFileType = wrapper.application; includeInIndex = 0; path = OnAir.app; sourceTree = BUILT_PRODUCTS_DIR; };
		D83793D42C2159D600AF16C1 /* OnAirApp.swift */ = {isa = PBXFileReference; lastKnownFileType = sourcecode.swift; path = OnAirApp.swift; sourceTree = "<group>"; };
		D83793D62C2159D600AF16C1 /* ContentView.swift */ = {isa = PBXFileReference; lastKnownFileType = sourcecode.swift; path = ContentView.swift; sourceTree = "<group>"; };
		D83793D82C2159D700AF16C1 /* Assets.xcassets */ = {isa = PBXFileReference; lastKnownFileType = folder.assetcatalog; path = Assets.xcassets; sourceTree = "<group>"; };
		D83793DB2C2159D700AF16C1 /* Preview Assets.xcassets */ = {isa = PBXFileReference; lastKnownFileType = folder.assetcatalog; path = "Preview Assets.xcassets"; sourceTree = "<group>"; };
		D83793E22C215A7C00AF16C1 /* Playback.swift */ = {isa = PBXFileReference; lastKnownFileType = sourcecode.swift; path = Playback.swift; sourceTree = "<group>"; };
		D83793E42C215B3D00AF16C1 /* Authorization.swift */ = {isa = PBXFileReference; lastKnownFileType = sourcecode.swift; path = Authorization.swift; sourceTree = "<group>"; };
/* End PBXFileReference section */

/* Begin PBXFrameworksBuildPhase section */
		D83793CE2C2159D600AF16C1 /* Frameworks */ = {
			isa = PBXFrameworksBuildPhase;
			buildActionMask = 2147483647;
			files = (
				D82FC11C2C21D22D00404164 /* Lottie in Frameworks */,
			);
			runOnlyForDeploymentPostprocessing = 0;
		};
/* End PBXFrameworksBuildPhase section */

/* Begin PBXGroup section */
		D83793C82C2159D600AF16C1 = {
			isa = PBXGroup;
			children = (
				D83793D32C2159D600AF16C1 /* OnAir */,
				D83793D22C2159D600AF16C1 /* Products */,
			);
			sourceTree = "<group>";
		};
		D83793D22C2159D600AF16C1 /* Products */ = {
			isa = PBXGroup;
			children = (
				D83793D12C2159D600AF16C1 /* OnAir.app */,
			);
			name = Products;
			sourceTree = "<group>";
		};
		D83793D32C2159D600AF16C1 /* OnAir */ = {
			isa = PBXGroup;
			children = (
				D83793D42C2159D600AF16C1 /* OnAirApp.swift */,
				D83793D62C2159D600AF16C1 /* ContentView.swift */,
				D83793E22C215A7C00AF16C1 /* Playback.swift */,
				D83793E42C215B3D00AF16C1 /* Authorization.swift */,
				D82FC1182C21D20300404164 /* LottieView.swift */,
				D83793D82C2159D700AF16C1 /* Assets.xcassets */,
				D82FC1162C21D1E500404164 /* Signal.json */,
				D83793DA2C2159D700AF16C1 /* Preview Content */,
			);
			path = OnAir;
			sourceTree = "<group>";
		};
		D83793DA2C2159D700AF16C1 /* Preview Content */ = {
			isa = PBXGroup;
			children = (
				D83793DB2C2159D700AF16C1 /* Preview Assets.xcassets */,
			);
			path = "Preview Content";
			sourceTree = "<group>";
		};
/* End PBXGroup section */

/* Begin PBXNativeTarget section */
		D83793D02C2159D600AF16C1 /* OnAir */ = {
			isa = PBXNativeTarget;
			buildConfigurationList = D83793DF2C2159D700AF16C1 /* Build configuration list for PBXNativeTarget "OnAir" */;
			buildPhases = (
				D83793CD2C2159D600AF16C1 /* Sources */,
				D83793CE2C2159D600AF16C1 /* Frameworks */,
				D83793CF2C2159D600AF16C1 /* Resources */,
			);
			buildRules = (
			);
			dependencies = (
			);
			name = OnAir;
			packageProductDependencies = (
				D82FC11B2C21D22D00404164 /* Lottie */,
			);
			productName = OnAir;
			productReference = D83793D12C2159D600AF16C1 /* OnAir.app */;
			productType = "com.apple.product-type.application";
		};
/* End PBXNativeTarget section */

/* Begin PBXProject section */
		D83793C92C2159D600AF16C1 /* Project object */ = {
			isa = PBXProject;
			attributes = {
				BuildIndependentTargetsInParallel = 1;
				LastSwiftUpdateCheck = 1540;
				LastUpgradeCheck = 1540;
				TargetAttributes = {
					D83793D02C2159D600AF16C1 = {
						CreatedOnToolsVersion = 15.4;
					};
				};
			};
			buildConfigurationList = D83793CC2C2159D600AF16C1 /* Build configuration list for PBXProject "OnAir" */;
			compatibilityVersion = "Xcode 14.0";
			developmentRegion = en;
			hasScannedForEncodings = 0;
			knownRegions = (
				en,
				Base,
			);
			mainGroup = D83793C82C2159D600AF16C1;
			packageReferences = (
				D82FC11A2C21D22D00404164 /* XCRemoteSwiftPackageReference "lottie-ios" */,
			);
			productRefGroup = D83793D22C2159D600AF16C1 /* Products */;
			projectDirPath = "";
			projectRoot = "";
			targets = (
				D83793D02C2159D600AF16C1 /* OnAir */,
			);
		};
/* End PBXProject section */

/* Begin PBXResourcesBuildPhase section */
		D83793CF2C2159D600AF16C1 /* Resources */ = {
			isa = PBXResourcesBuildPhase;
			buildActionMask = 2147483647;
			files = (
				D82FC1172C21D1E500404164 /* Signal.json in Resources */,
				D83793DC2C2159D700AF16C1 /* Preview Assets.xcassets in Resources */,
				D83793D92C2159D700AF16C1 /* Assets.xcassets in Resources */,
			);
			runOnlyForDeploymentPostprocessing = 0;
		};
/* End PBXResourcesBuildPhase section */

/* Begin PBXSourcesBuildPhase section */
		D83793CD2C2159D600AF16C1 /* Sources */ = {
			isa = PBXSourcesBuildPhase;
			buildActionMask = 2147483647;
			files = (
				D83793D72C2159D600AF16C1 /* ContentView.swift in Sources */,
				D83793E32C215A7C00AF16C1 /* Playback.swift in Sources */,
				D82FC1192C21D20300404164 /* LottieView.swift in Sources */,
				D83793D52C2159D600AF16C1 /* OnAirApp.swift in Sources */,
				D83793E52C215B3D00AF16C1 /* Authorization.swift in Sources */,
			);
			runOnlyForDeploymentPostprocessing = 0;
		};
/* End PBXSourcesBuildPhase section */

/* Begin XCBuildConfiguration section */
		D83793DD2C2159D700AF16C1 /* Debug */ = {
			isa = XCBuildConfiguration;
			buildSettings = {
				ALWAYS_SEARCH_USER_PATHS = NO;
				ASSETCATALOG_COMPILER_GENERATE_SWIFT_ASSET_SYMBOL_EXTENSIONS = YES;
				CLANG_ANALYZER_NONNULL = YES;
				CLANG_ANALYZER_NUMBER_OBJECT_CONVERSION = YES_AGGRESSIVE;
				CLANG_CXX_LANGUAGE_STANDARD = "gnu++20";
				CLANG_ENABLE_MODULES = YES;
				CLANG_ENABLE_OBJC_ARC = YES;
				CLANG_ENABLE_OBJC_WEAK = YES;
				CLANG_WARN_BLOCK_CAPTURE_AUTORELEASING = YES;
				CLANG_WARN_BOOL_CONVERSION = YES;
				CLANG_WARN_COMMA = YES;
				CLANG_WARN_CONSTANT_CONVERSION = YES;
				CLANG_WARN_DEPRECATED_OBJC_IMPLEMENTATIONS = YES;
				CLANG_WARN_DIRECT_OBJC_ISA_USAGE = YES_ERROR;
				CLANG_WARN_DOCUMENTATION_COMMENTS = YES;
				CLANG_WARN_EMPTY_BODY = YES;
				CLANG_WARN_ENUM_CONVERSION = YES;
				CLANG_WARN_INFINITE_RECURSION = YES;
				CLANG_WARN_INT_CONVERSION = YES;
				CLANG_WARN_NON_LITERAL_NULL_CONVERSION = YES;
				CLANG_WARN_OBJC_IMPLICIT_RETAIN_SELF = YES;
				CLANG_WARN_OBJC_LITERAL_CONVERSION = YES;
				CLANG_WARN_OBJC_ROOT_CLASS = YES_ERROR;
				CLANG_WARN_QUOTED_INCLUDE_IN_FRAMEWORK_HEADER = YES;
				CLANG_WARN_RANGE_LOOP_ANALYSIS = YES;
				CLANG_WARN_STRICT_PROTOTYPES = YES;
				CLANG_WARN_SUSPICIOUS_MOVE = YES;
				CLANG_WARN_UNGUARDED_AVAILABILITY = YES_AGGRESSIVE;
				CLANG_WARN_UNREACHABLE_CODE = YES;
				CLANG_WARN__DUPLICATE_METHOD_MATCH = YES;
				COPY_PHASE_STRIP = NO;
				DEBUG_INFORMATION_FORMAT = dwarf;
				ENABLE_STRICT_OBJC_MSGSEND = YES;
				ENABLE_TESTABILITY = YES;
				ENABLE_USER_SCRIPT_SANDBOXING = YES;
				GCC_C_LANGUAGE_STANDARD = gnu17;
				GCC_DYNAMIC_NO_PIC = NO;
				GCC_NO_COMMON_BLOCKS = YES;
				GCC_OPTIMIZATION_LEVEL = 0;
				GCC_PREPROCESSOR_DEFINITIONS = (
					"DEBUG=1",
					"$(inherited)",
				);
				GCC_WARN_64_TO_32_BIT_CONVERSION = YES;
				GCC_WARN_ABOUT_RETURN_TYPE = YES_ERROR;
				GCC_WARN_UNDECLARED_SELECTOR = YES;
				GCC_WARN_UNINITIALIZED_AUTOS = YES_AGGRESSIVE;
				GCC_WARN_UNUSED_FUNCTION = YES;
				GCC_WARN_UNUSED_VARIABLE = YES;
				IPHONEOS_DEPLOYMENT_TARGET = 17.5;
				LOCALIZATION_PREFERS_STRING_CATALOGS = YES;
				MTL_ENABLE_DEBUG_INFO = INCLUDE_SOURCE;
				MTL_FAST_MATH = YES;
				ONLY_ACTIVE_ARCH = YES;
				SDKROOT = iphoneos;
				SWIFT_ACTIVE_COMPILATION_CONDITIONS = "DEBUG $(inherited)";
				SWIFT_OPTIMIZATION_LEVEL = "-Onone";
			};
			name = Debug;
		};
		D83793DE2C2159D700AF16C1 /* Release */ = {
			isa = XCBuildConfiguration;
			buildSettings = {
				ALWAYS_SEARCH_USER_PATHS = NO;
				ASSETCATALOG_COMPILER_GENERATE_SWIFT_ASSET_SYMBOL_EXTENSIONS = YES;
				CLANG_ANALYZER_NONNULL = YES;
				CLANG_ANALYZER_NUMBER_OBJECT_CONVERSION = YES_AGGRESSIVE;
				CLANG_CXX_LANGUAGE_STANDARD = "gnu++20";
				CLANG_ENABLE_MODULES = YES;
				CLANG_ENABLE_OBJC_ARC = YES;
				CLANG_ENABLE_OBJC_WEAK = YES;
				CLANG_WARN_BLOCK_CAPTURE_AUTORELEASING = YES;
				CLANG_WARN_BOOL_CONVERSION = YES;
				CLANG_WARN_COMMA = YES;
				CLANG_WARN_CONSTANT_CONVERSION = YES;
				CLANG_WARN_DEPRECATED_OBJC_IMPLEMENTATIONS = YES;
				CLANG_WARN_DIRECT_OBJC_ISA_USAGE = YES_ERROR;
				CLANG_WARN_DOCUMENTATION_COMMENTS = YES;
				CLANG_WARN_EMPTY_BODY = YES;
				CLANG_WARN_ENUM_CONVERSION = YES;
				CLANG_WARN_INFINITE_RECURSION = YES;
				CLANG_WARN_INT_CONVERSION = YES;
				CLANG_WARN_NON_LITERAL_NULL_CONVERSION = YES;
				CLANG_WARN_OBJC_IMPLICIT_RETAIN_SELF = YES;
				CLANG_WARN_OBJC_LITERAL_CONVERSION = YES;
				CLANG_WARN_OBJC_ROOT_CLASS = YES_ERROR;
				CLANG_WARN_QUOTED_INCLUDE_IN_FRAMEWORK_HEADER = YES;
				CLANG_WARN_RANGE_LOOP_ANALYSIS = YES;
				CLANG_WARN_STRICT_PROTOTYPES = YES;
				CLANG_WARN_SUSPICIOUS_MOVE = YES;
				CLANG_WARN_UNGUARDED_AVAILABILITY = YES_AGGRESSIVE;
				CLANG_WARN_UNREACHABLE_CODE = YES;
				CLANG_WARN__DUPLICATE_METHOD_MATCH = YES;
				COPY_PHASE_STRIP = NO;
				DEBUG_INFORMATION_FORMAT = "dwarf-with-dsym";
				ENABLE_NS_ASSERTIONS = NO;
				ENABLE_STRICT_OBJC_MSGSEND = YES;
				ENABLE_USER_SCRIPT_SANDBOXING = YES;
				GCC_C_LANGUAGE_STANDARD = gnu17;
				GCC_NO_COMMON_BLOCKS = YES;
				GCC_WARN_64_TO_32_BIT_CONVERSION = YES;
				GCC_WARN_ABOUT_RETURN_TYPE = YES_ERROR;
				GCC_WARN_UNDECLARED_SELECTOR = YES;
				GCC_WARN_UNINITIALIZED_AUTOS = YES_AGGRESSIVE;
				GCC_WARN_UNUSED_FUNCTION = YES;
				GCC_WARN_UNUSED_VARIABLE = YES;
				IPHONEOS_DEPLOYMENT_TARGET = 17.5;
				LOCALIZATION_PREFERS_STRING_CATALOGS = YES;
				MTL_ENABLE_DEBUG_INFO = NO;
				MTL_FAST_MATH = YES;
				SDKROOT = iphoneos;
				SWIFT_COMPILATION_MODE = wholemodule;
				VALIDATE_PRODUCT = YES;
			};
			name = Release;
		};
		D83793E02C2159D700AF16C1 /* Debug */ = {
			isa = XCBuildConfiguration;
			buildSettings = {
				ASSETCATALOG_COMPILER_APPICON_NAME = AppIcon;
				ASSETCATALOG_COMPILER_GLOBAL_ACCENT_COLOR_NAME = AccentColor;
				CODE_SIGN_STYLE = Automatic;
				CURRENT_PROJECT_VERSION = 1;
				DEVELOPMENT_ASSET_PATHS = "\"OnAir/Preview Content\"";
				DEVELOPMENT_TEAM = 7P5S729LQZ;
				ENABLE_PREVIEWS = YES;
				GENERATE_INFOPLIST_FILE = YES;
				INFOPLIST_KEY_UIApplicationSceneManifest_Generation = YES;
				INFOPLIST_KEY_UIApplicationSupportsIndirectInputEvents = YES;
				INFOPLIST_KEY_UILaunchScreen_Generation = YES;
				INFOPLIST_KEY_UISupportedInterfaceOrientations_iPad = "UIInterfaceOrientationPortrait UIInterfaceOrientationPortraitUpsideDown UIInterfaceOrientationLandscapeLeft UIInterfaceOrientationLandscapeRight";
				INFOPLIST_KEY_UISupportedInterfaceOrientations_iPhone = "UIInterfaceOrientationPortrait UIInterfaceOrientationLandscapeLeft UIInterfaceOrientationLandscapeRight";
				LD_RUNPATH_SEARCH_PATHS = (
					"$(inherited)",
					"@executable_path/Frameworks",
				);
				MARKETING_VERSION = 1.0;
				PRODUCT_BUNDLE_IDENTIFIER = yubeen.OnAir;
				PRODUCT_NAME = "$(TARGET_NAME)";
				SWIFT_EMIT_LOC_STRINGS = YES;
				SWIFT_VERSION = 5.0;
				TARGETED_DEVICE_FAMILY = "1,2";
			};
			name = Debug;
		};
		D83793E12C2159D700AF16C1 /* Release */ = {
			isa = XCBuildConfiguration;
			buildSettings = {
				ASSETCATALOG_COMPILER_APPICON_NAME = AppIcon;
				ASSETCATALOG_COMPILER_GLOBAL_ACCENT_COLOR_NAME = AccentColor;
				CODE_SIGN_STYLE = Automatic;
				CURRENT_PROJECT_VERSION = 1;
				DEVELOPMENT_ASSET_PATHS = "\"OnAir/Preview Content\"";
				DEVELOPMENT_TEAM = 7P5S729LQZ;
				ENABLE_PREVIEWS = YES;
				GENERATE_INFOPLIST_FILE = YES;
				INFOPLIST_KEY_UIApplicationSceneManifest_Generation = YES;
				INFOPLIST_KEY_UIApplicationSupportsIndirectInputEvents = YES;
				INFOPLIST_KEY_UILaunchScreen_Generation = YES;
				INFOPLIST_KEY_UISupportedInterfaceOrientations_iPad = "UIInterfaceOrientationPortrait UIInterfaceOrientationPortraitUpsideDown UIInterfaceOrientationLandscapeLeft UIInterfaceOrientationLandscapeRight";
				INFOPLIST_KEY_UISupportedInterfaceOrientations_iPhone = "UIInterfaceOrientationPortrait UIInterfaceOrientationLandscapeLeft UIInterfaceOrientationLandscapeRight";
				LD_RUNPATH_SEARCH_PATHS = (
					"$(inherited)",
					"@executable_path/Frameworks",
				);
				MARKETING_VERSION = 1.0;
				PRODUCT_BUNDLE_IDENTIFIER = yubeen.OnAir;
				PRODUCT_NAME = "$(TARGET_NAME)";
				SWIFT_EMIT_LOC_STRINGS = YES;
				SWIFT_VERSION = 5.0;
				TARGETED_DEVICE_FAMILY = "1,2";
			};
			name = Release;
		};
/* End XCBuildConfiguration section */

/* Begin XCConfigurationList section */
		D83793CC2C2159D600AF16C1 /* Build configuration list for PBXProject "OnAir" */ = {
			isa = XCConfigurationList;
			buildConfigurations = (
				D83793DD2C2159D700AF16C1 /* Debug */,
				D83793DE2C2159D700AF16C1 /* Release */,
			);
			defaultConfigurationIsVisible = 0;
			defaultConfigurationName = Release;
		};
		D83793DF2C2159D700AF16C1 /* Build configuration list for PBXNativeTarget "OnAir" */ = {
			isa = XCConfigurationList;
			buildConfigurations = (
				D83793E02C2159D700AF16C1 /* Debug */,
				D83793E12C2159D700AF16C1 /* Release */,
			);
			defaultConfigurationIsVisible = 0;
			defaultConfigurationName = Release;
		};
/* End XCConfigurationList section */

/* Begin XCRemoteSwiftPackageReference section */
		D82FC11A2C21D22D00404164 /* XCRemoteSwiftPackageReference "lottie-ios" */ = {
			isa = XCRemoteSwiftPackageReference;
			repositoryURL = "https://github.com/airbnb/lottie-ios";
			requirement = {
				kind = upToNextMajorVersion;
				minimumVersion = 4.4.3;
			};
		};
/* End XCRemoteSwiftPackageReference section */

/* Begin XCSwiftPackageProductDependency section */
		D82FC11B2C21D22D00404164 /* Lottie */ = {
			isa = XCSwiftPackageProductDependency;
			package = D82FC11A2C21D22D00404164 /* XCRemoteSwiftPackageReference "lottie-ios" */;
			productName = Lottie;
		};
/* End XCSwiftPackageProductDependency section */
	};
	rootObject = D83793C92C2159D600AF16C1 /* Project object */;
}
